{
	"name": "@hugoalh/unique-array",
	"version": "1.0.1",
	"lockfileVersion": 2,
	"requires": true,
	"packages": {
		"": {
			"name": "@hugoalh/unique-array",
			"version": "1.0.1",
			"license": "MIT",
			"dependencies": {
				"@hugoalh/advanced-determine": "^7.1.5"
			},
			"engines": {
				"node": ">= 10.13.0",
				"npm": ">= 6.4.1"
			}
		},
		"node_modules/@hugoalh/advanced-determine": {
			"version": "7.1.5",
			"resolved": "https://registry.npmjs.org/@hugoalh/advanced-determine/-/advanced-determine-7.1.5.tgz",
			"integrity": "sha512-7ISpK0okkQzoep/IJwWxwvuDNuLMCpOtMMf5ZM3m43XfOAP18kWik5iV0gepCVu9d7aaO0G+ZAgUc8lqP/5PXg==",
			"dependencies": {
				"@hugoalh/undefinish": "^1.0.15"
			},
			"engines": {
				"node": ">=10.13.0"
			}
		},
		"node_modules/@hugoalh/undefinish": {
			"version": "1.0.15",
			"resolved": "https://registry.npmjs.org/@hugoalh/undefinish/-/undefinish-1.0.15.tgz",
			"integrity": "sha512-xFMJ+uLPbueKzw9NyTizNztor4oJFECFD8kOjYgZdZ8SYyvghNblTq2dmOfHO/l/vTKjhVS7orRd1Yc6cN2tnA==",
			"engines": {
				"node": ">=6.9.0"
			}
		}
	},
	"dependencies": {
		"@hugoalh/advanced-determine": {
			"version": "7.1.5",
			"resolved": "https://registry.npmjs.org/@hugoalh/advanced-determine/-/advanced-determine-7.1.5.tgz",
			"integrity": "sha512-7ISpK0okkQzoep/IJwWxwvuDNuLMCpOtMMf5ZM3m43XfOAP18kWik5iV0gepCVu9d7aaO0G+ZAgUc8lqP/5PXg==",
			"requires": {
				"@hugoalh/undefinish": "^1.0.15"
			}
		},
		"@hugoalh/undefinish": {
			"version": "1.0.15",
			"resolved": "https://registry.npmjs.org/@hugoalh/undefinish/-/undefinish-1.0.15.tgz",
			"integrity": "sha512-xFMJ+uLPbueKzw9NyTizNztor4oJFECFD8kOjYgZdZ8SYyvghNblTq2dmOfHO/l/vTKjhVS7orRd1Yc6cN2tnA=="
		}
	}
}
